
Microsoft Visual Studio Solution File, Format Version 12.00
# Visual Studio 2012
Project("{FAE04EC0-301F-11D3-BF4B-00C04F79EFBC}") = "Multi.iOSUniversal", "Multi.iOSUniversal.csproj", "{4DDD1B54-FDAA-45D8-B2B9-8806D36342FA}"
EndProject
Global
	GlobalSection(SolutionConfigurationPlatforms) = preSolution
		Debug|iPhoneSimulator = Debug|iPhoneSimulator
		Release|iPhoneSimulator = Release|iPhoneSimulator
		Debug|iPhone = Debug|iPhone
		Release|iPhone = Release|iPhone
		Ad-Hoc|iPhone = Ad-Hoc|iPhone
		AppStore|iPhone = AppStore|iPhone
	EndGlobalSection
	GlobalSection(ProjectConfigurationPlatforms) = postSolution
		{4DDD1B54-FDAA-45D8-B2B9-8806D36342FA}.Debug|iPhoneSimulator.ActiveCfg = Debug|iPhoneSimulator
		{4DDD1B54-FDAA-45D8-B2B9-8806D36342FA}.Debug|iPhoneSimulator.Build.0 = Debug|iPhoneSimulator
		{4DDD1B54-FDAA-45D8-B2B9-8806D36342FA}.Release|iPhoneSimulator.ActiveCfg = Release|iPhoneSimulator
		{4DDD1B54-FDAA-45D8-B2B9-8806D36342FA}.Release|iPhoneSimulator.Build.0 = Release|iPhoneSimulator
		{4DDD1B54-FDAA-45D8-B2B9-8806D36342FA}.Debug|iPhone.ActiveCfg = Debug|iPhone
		{4DDD1B54-FDAA-45D8-B2B9-8806D36342FA}.Debug|iPhone.Build.0 = Debug|iPhone
		{4DDD1B54-FDAA-45D8-B2B9-8806D36342FA}.Release|iPhone.ActiveCfg = Release|iPhone
		{4DDD1B54-FDAA-45D8-B2B9-8806D36342FA}.Release|iPhone.Build.0 = Release|iPhone
		{4DDD1B54-FDAA-45D8-B2B9-8806D36342FA}.Ad-Hoc|iPhone.ActiveCfg = Ad-Hoc|iPhone
		{4DDD1B54-FDAA-45D8-B2B9-8806D36342FA}.Ad-Hoc|iPhone.Build.0 = Ad-Hoc|iPhone
		{4DDD1B54-FDAA-45D8-B2B9-8806D36342FA}.AppStore|iPhone.ActiveCfg = AppStore|iPhone
		{4DDD1B54-FDAA-45D8-B2B9-8806D36342FA}.AppStore|iPhone.Build.0 = AppStore|iPhone
	EndGlobalSection
EndGlobal
