// !$*UTF8*$!
{
	archiveVersion = 1;
	classes = {
	};
	objectVersion = 46;
	objects = {

/* Begin PBXBuildFile section */
		7D6D7D252B4099761F98D03B /* Pods_BarcodeScannerExample.framework in Frameworks */ = {isa = PBXBuildFile; fileRef = F2F8EDB06143E719746E253D /* Pods_BarcodeScannerExample.framework */; };
		D50BE3F91C9FE8870000A34C /* AppDelegate.swift in Sources */ = {isa = PBXBuildFile; fileRef = D50BE3F81C9FE8870000A34C /* AppDelegate.swift */; };
		D50BE3FB1C9FE8870000A34C /* ViewController.swift in Sources */ = {isa = PBXBuildFile; fileRef = D50BE3FA1C9FE8870000A34C /* ViewController.swift */; };
		D50BE4001C9FE8870000A34C /* Assets.xcassets in Resources */ = {isa = PBXBuildFile; fileRef = D50BE3FF1C9FE8870000A34C /* Assets.xcassets */; };
		D50BE4031C9FE8870000A34C /* LaunchScreen.storyboard in Resources */ = {isa = PBXBuildFile; fileRef = D50BE4011C9FE8870000A34C /* LaunchScreen.storyboard */; };
/* End PBXBuildFile section */

/* Begin PBXFileReference section */
		560D7A8F00215E8F16A67009 /* Pods-BarcodeScannerExample.debug.xcconfig */ = {isa = PBXFileReference; includeInIndex = 1; lastKnownFileType = text.xcconfig; name = "Pods-BarcodeScannerExample.debug.xcconfig"; path = "Pods/Target Support Files/Pods-BarcodeScannerExample/Pods-BarcodeScannerExample.debug.xcconfig"; sourceTree = "<group>"; };
		B2BB8B30EF0245DC64F4025A /* Pods-BarcodeScannerExample.release.xcconfig */ = {isa = PBXFileReference; includeInIndex = 1; lastKnownFileType = text.xcconfig; name = "Pods-BarcodeScannerExample.release.xcconfig"; path = "Pods/Target Support Files/Pods-BarcodeScannerExample/Pods-BarcodeScannerExample.release.xcconfig"; sourceTree = "<group>"; };
		D50BE3F51C9FE8870000A34C /* BarcodeScannerExample.app */ = {isa = PBXFileReference; explicitFileType = wrapper.application; includeInIndex = 0; path = BarcodeScannerExample.app; sourceTree = BUILT_PRODUCTS_DIR; };
		D50BE3F81C9FE8870000A34C /* AppDelegate.swift */ = {isa = PBXFileReference; lastKnownFileType = sourcecode.swift; path = AppDelegate.swift; sourceTree = "<group>"; };
		D50BE3FA1C9FE8870000A34C /* ViewController.swift */ = {isa = PBXFileReference; lastKnownFileType = sourcecode.swift; path = ViewController.swift; sourceTree = "<group>"; };
		D50BE3FF1C9FE8870000A34C /* Assets.xcassets */ = {isa = PBXFileReference; lastKnownFileType = folder.assetcatalog; path = Assets.xcassets; sourceTree = "<group>"; };
		D50BE4021C9FE8870000A34C /* Base */ = {isa = PBXFileReference; lastKnownFileType = file.storyboard; name = Base; path = Base.lproj/LaunchScreen.storyboard; sourceTree = "<group>"; };
		D50BE4041C9FE8870000A34C /* Info.plist */ = {isa = PBXFileReference; lastKnownFileType = text.plist.xml; path = Info.plist; sourceTree = "<group>"; };
		F2F8EDB06143E719746E253D /* Pods_BarcodeScannerExample.framework */ = {isa = PBXFileReference; explicitFileType = wrapper.framework; includeInIndex = 0; path = Pods_BarcodeScannerExample.framework; sourceTree = BUILT_PRODUCTS_DIR; };
/* End PBXFileReference section */

/* Begin PBXFrameworksBuildPhase section */
		D50BE3F21C9FE8870000A34C /* Frameworks */ = {
			isa = PBXFrameworksBuildPhase;
			buildActionMask = 2147483647;
			files = (
				7D6D7D252B4099761F98D03B /* Pods_BarcodeScannerExample.framework in Frameworks */,
			);
			runOnlyForDeploymentPostprocessing = 0;
		};
/* End PBXFrameworksBuildPhase section */

/* Begin PBXGroup section */
		04F2F1ECAB8C0457F6FF4BBC /* Pods */ = {
			isa = PBXGroup;
			children = (
				560D7A8F00215E8F16A67009 /* Pods-BarcodeScannerExample.debug.xcconfig */,
				B2BB8B30EF0245DC64F4025A /* Pods-BarcodeScannerExample.release.xcconfig */,
			);
			name = Pods;
			sourceTree = "<group>";
		};
		220E47204A0A0DD7D8A4D4D8 /* Frameworks */ = {
			isa = PBXGroup;
			children = (
				F2F8EDB06143E719746E253D /* Pods_BarcodeScannerExample.framework */,
			);
			name = Frameworks;
			sourceTree = "<group>";
		};
		D50BE3EC1C9FE8870000A34C = {
			isa = PBXGroup;
			children = (
				D50BE3F71C9FE8870000A34C /* BarcodeScannerExample */,
				D50BE3F61C9FE8870000A34C /* Products */,
				04F2F1ECAB8C0457F6FF4BBC /* Pods */,
				220E47204A0A0DD7D8A4D4D8 /* Frameworks */,
			);
			sourceTree = "<group>";
		};
		D50BE3F61C9FE8870000A34C /* Products */ = {
			isa = PBXGroup;
			children = (
				D50BE3F51C9FE8870000A34C /* BarcodeScannerExample.app */,
			);
			name = Products;
			sourceTree = "<group>";
		};
		D50BE3F71C9FE8870000A34C /* BarcodeScannerExample */ = {
			isa = PBXGroup;
			children = (
				D50BE3F81C9FE8870000A34C /* AppDelegate.swift */,
				D50BE3FA1C9FE8870000A34C /* ViewController.swift */,
				D50BE3FF1C9FE8870000A34C /* Assets.xcassets */,
				D50BE4011C9FE8870000A34C /* LaunchScreen.storyboard */,
				D50BE4041C9FE8870000A34C /* Info.plist */,
			);
			path = BarcodeScannerExample;
			sourceTree = "<group>";
		};
/* End PBXGroup section */

/* Begin PBXNativeTarget section */
		D50BE3F41C9FE8870000A34C /* BarcodeScannerExample */ = {
			isa = PBXNativeTarget;
			buildConfigurationList = D50BE4071C9FE8870000A34C /* Build configuration list for PBXNativeTarget "BarcodeScannerExample" */;
			buildPhases = (
				BDF82C3FF3E7C5A57E2534BE /* [CP] Check Pods Manifest.lock */,
				36F8214472FD1CA639982CE8 /* [CP] Check Pods Manifest.lock */,
				D50BE3F11C9FE8870000A34C /* Sources */,
				D50BE3F21C9FE8870000A34C /* Frameworks */,
				D50BE3F31C9FE8870000A34C /* Resources */,
				E090C912AA824DD28A310598 /* [CP] Embed Pods Frameworks */,
				B23721B8976E46E75F5C472C /* [CP] Copy Pods Resources */,
				C6637BE832A43C8F49FCF84D /* 📦 Embed Pods Frameworks */,
				A8D9BF9C6304351F12DE8E23 /* 📦 Copy Pods Resources */,
			);
			buildRules = (
			);
			dependencies = (
			);
			name = BarcodeScannerExample;
			productName = BarcodeScannerExample;
			productReference = D50BE3F51C9FE8870000A34C /* BarcodeScannerExample.app */;
			productType = "com.apple.product-type.application";
		};
/* End PBXNativeTarget section */

/* Begin PBXProject section */
		D50BE3ED1C9FE8870000A34C /* Project object */ = {
			isa = PBXProject;
			attributes = {
				LastSwiftUpdateCheck = 0720;
				LastUpgradeCheck = 0800;
				ORGANIZATIONNAME = "Hyper Interaktiv AS";
				TargetAttributes = {
					D50BE3F41C9FE8870000A34C = {
						CreatedOnToolsVersion = 7.2.1;
						DevelopmentTeam = LG4DBY4QF9;
						LastSwiftMigration = 0800;
					};
				};
			};
			buildConfigurationList = D50BE3F01C9FE8870000A34C /* Build configuration list for PBXProject "BarcodeScannerExample" */;
			compatibilityVersion = "Xcode 3.2";
			developmentRegion = English;
			hasScannedForEncodings = 0;
			knownRegions = (
				en,
				Base,
			);
			mainGroup = D50BE3EC1C9FE8870000A34C;
			productRefGroup = D50BE3F61C9FE8870000A34C /* Products */;
			projectDirPath = "";
			projectRoot = "";
			targets = (
				D50BE3F41C9FE8870000A34C /* BarcodeScannerExample */,
			);
		};
/* End PBXProject section */

/* Begin PBXResourcesBuildPhase section */
		D50BE3F31C9FE8870000A34C /* Resources */ = {
			isa = PBXResourcesBuildPhase;
			buildActionMask = 2147483647;
			files = (
				D50BE4031C9FE8870000A34C /* LaunchScreen.storyboard in Resources */,
				D50BE4001C9FE8870000A34C /* Assets.xcassets in Resources */,
			);
			runOnlyForDeploymentPostprocessing = 0;
		};
/* End PBXResourcesBuildPhase section */

/* Begin PBXShellScriptBuildPhase section */
		36F8214472FD1CA639982CE8 /* [CP] Check Pods Manifest.lock */ = {
			isa = PBXShellScriptBuildPhase;
			buildActionMask = 2147483647;
			files = (
			);
			inputPaths = (
			);
			name = "[CP] Check Pods Manifest.lock";
			outputPaths = (
			);
			runOnlyForDeploymentPostprocessing = 0;
			shellPath = /bin/sh;
			shellScript = "diff \"${PODS_ROOT}/../Podfile.lock\" \"${PODS_ROOT}/Manifest.lock\" > /dev/null\nif [[ $? != 0 ]] ; then\n    cat << EOM\nerror: The sandbox is not in sync with the Podfile.lock. Run 'pod install' or update your CocoaPods installation.\nEOM\n    exit 1\nfi\n";
			showEnvVarsInLog = 0;
		};
		A8D9BF9C6304351F12DE8E23 /* 📦 Copy Pods Resources */ = {
			isa = PBXShellScriptBuildPhase;
			buildActionMask = 2147483647;
			files = (
			);
			inputPaths = (
			);
			name = "📦 Copy Pods Resources";
			outputPaths = (
			);
			runOnlyForDeploymentPostprocessing = 0;
			shellPath = /bin/sh;
			shellScript = "\"${SRCROOT}/Pods/Target Support Files/Pods-BarcodeScannerExample/Pods-BarcodeScannerExample-resources.sh\"\n";
			showEnvVarsInLog = 0;
		};
		B23721B8976E46E75F5C472C /* [CP] Copy Pods Resources */ = {
			isa = PBXShellScriptBuildPhase;
			buildActionMask = 2147483647;
			files = (
			);
			inputPaths = (
			);
			name = "[CP] Copy Pods Resources";
			outputPaths = (
			);
			runOnlyForDeploymentPostprocessing = 0;
			shellPath = /bin/sh;
			shellScript = "\"${SRCROOT}/Pods/Target Support Files/Pods-BarcodeScannerExample/Pods-BarcodeScannerExample-resources.sh\"\n";
			showEnvVarsInLog = 0;
		};
		BDF82C3FF3E7C5A57E2534BE /* [CP] Check Pods Manifest.lock */ = {
			isa = PBXShellScriptBuildPhase;
			buildActionMask = 2147483647;
			files = (
			);
			inputPaths = (
			);
			name = "[CP] Check Pods Manifest.lock";
			outputPaths = (
			);
			runOnlyForDeploymentPostprocessing = 0;
			shellPath = /bin/sh;
			shellScript = "diff \"${PODS_ROOT}/../Podfile.lock\" \"${PODS_ROOT}/Manifest.lock\" > /dev/null\nif [ $? != 0 ] ; then\n    # print error to STDERR\n    echo \"error: The sandbox is not in sync with the Podfile.lock. Run 'pod install' or update your CocoaPods installation.\" >&2\n    exit 1\nfi\n";
			showEnvVarsInLog = 0;
		};
		C6637BE832A43C8F49FCF84D /* 📦 Embed Pods Frameworks */ = {
			isa = PBXShellScriptBuildPhase;
			buildActionMask = 2147483647;
			files = (
			);
			inputPaths = (
			);
			name = "📦 Embed Pods Frameworks";
			outputPaths = (
			);
			runOnlyForDeploymentPostprocessing = 0;
			shellPath = /bin/sh;
			shellScript = "\"${SRCROOT}/Pods/Target Support Files/Pods-BarcodeScannerExample/Pods-BarcodeScannerExample-frameworks.sh\"\n";
			showEnvVarsInLog = 0;
		};
		E090C912AA824DD28A310598 /* [CP] Embed Pods Frameworks */ = {
			isa = PBXShellScriptBuildPhase;
			buildActionMask = 2147483647;
			files = (
			);
			inputPaths = (
			);
			name = "[CP] Embed Pods Frameworks";
			outputPaths = (
			);
			runOnlyForDeploymentPostprocessing = 0;
			shellPath = /bin/sh;
			shellScript = "\"${SRCROOT}/Pods/Target Support Files/Pods-BarcodeScannerExample/Pods-BarcodeScannerExample-frameworks.sh\"\n";
			showEnvVarsInLog = 0;
		};
/* End PBXShellScriptBuildPhase section */

/* Begin PBXSourcesBuildPhase section */
		D50BE3F11C9FE8870000A34C /* Sources */ = {
			isa = PBXSourcesBuildPhase;
			buildActionMask = 2147483647;
			files = (
				D50BE3FB1C9FE8870000A34C /* ViewController.swift in Sources */,
				D50BE3F91C9FE8870000A34C /* AppDelegate.swift in Sources */,
			);
			runOnlyForDeploymentPostprocessing = 0;
		};
/* End PBXSourcesBuildPhase section */

/* Begin PBXVariantGroup section */
		D50BE4011C9FE8870000A34C /* LaunchScreen.storyboard */ = {
			isa = PBXVariantGroup;
			children = (
				D50BE4021C9FE8870000A34C /* Base */,
			);
			name = LaunchScreen.storyboard;
			sourceTree = "<group>";
		};
/* End PBXVariantGroup section */

/* Begin XCBuildConfiguration section */
		D50BE4051C9FE8870000A34C /* Debug */ = {
			isa = XCBuildConfiguration;
			buildSettings = {
				ALWAYS_EMBED_SWIFT_STANDARD_LIBRARIES = "$(inherited)";
				ALWAYS_SEARCH_USER_PATHS = NO;
				CLANG_CXX_LANGUAGE_STANDARD = "gnu++0x";
				CLANG_CXX_LIBRARY = "libc++";
				CLANG_ENABLE_MODULES = YES;
				CLANG_ENABLE_OBJC_ARC = YES;
				CLANG_WARN_BOOL_CONVERSION = YES;
				CLANG_WARN_CONSTANT_CONVERSION = YES;
				CLANG_WARN_DIRECT_OBJC_ISA_USAGE = YES_ERROR;
				CLANG_WARN_EMPTY_BODY = YES;
				CLANG_WARN_ENUM_CONVERSION = YES;
				CLANG_WARN_INFINITE_RECURSION = YES;
				CLANG_WARN_INT_CONVERSION = YES;
				CLANG_WARN_OBJC_ROOT_CLASS = YES_ERROR;
				CLANG_WARN_SUSPICIOUS_MOVE = YES;
				CLANG_WARN_UNREACHABLE_CODE = YES;
				CLANG_WARN__DUPLICATE_METHOD_MATCH = YES;
				"CODE_SIGN_IDENTITY[sdk=iphoneos*]" = "iPhone Developer";
				COPY_PHASE_STRIP = NO;
				DEBUG_INFORMATION_FORMAT = dwarf;
				ENABLE_STRICT_OBJC_MSGSEND = YES;
				ENABLE_TESTABILITY = YES;
				GCC_C_LANGUAGE_STANDARD = gnu99;
				GCC_DYNAMIC_NO_PIC = NO;
				GCC_NO_COMMON_BLOCKS = YES;
				GCC_OPTIMIZATION_LEVEL = 0;
				GCC_PREPROCESSOR_DEFINITIONS = (
					"DEBUG=1",
					"$(inherited)",
				);
				GCC_WARN_64_TO_32_BIT_CONVERSION = YES;
				GCC_WARN_ABOUT_RETURN_TYPE = YES_ERROR;
				GCC_WARN_UNDECLARED_SELECTOR = YES;
				GCC_WARN_UNINITIALIZED_AUTOS = YES_AGGRESSIVE;
				GCC_WARN_UNUSED_FUNCTION = YES;
				GCC_WARN_UNUSED_VARIABLE = YES;
				IPHONEOS_DEPLOYMENT_TARGET = 9.2;
				MTL_ENABLE_DEBUG_INFO = YES;
				ONLY_ACTIVE_ARCH = YES;
				SDKROOT = iphoneos;
				SWIFT_OPTIMIZATION_LEVEL = "-Onone";
				SWIFT_VERSION = 3.0;
			};
			name = Debug;
		};
		D50BE4061C9FE8870000A34C /* Release */ = {
			isa = XCBuildConfiguration;
			buildSettings = {
				ALWAYS_EMBED_SWIFT_STANDARD_LIBRARIES = "$(inherited)";
				ALWAYS_SEARCH_USER_PATHS = NO;
				CLANG_CXX_LANGUAGE_STANDARD = "gnu++0x";
				CLANG_CXX_LIBRARY = "libc++";
				CLANG_ENABLE_MODULES = YES;
				CLANG_ENABLE_OBJC_ARC = YES;
				CLANG_WARN_BOOL_CONVERSION = YES;
				CLANG_WARN_CONSTANT_CONVERSION = YES;
				CLANG_WARN_DIRECT_OBJC_ISA_USAGE = YES_ERROR;
				CLANG_WARN_EMPTY_BODY = YES;
				CLANG_WARN_ENUM_CONVERSION = YES;
				CLANG_WARN_INFINITE_RECURSION = YES;
				CLANG_WARN_INT_CONVERSION = YES;
				CLANG_WARN_OBJC_ROOT_CLASS = YES_ERROR;
				CLANG_WARN_SUSPICIOUS_MOVE = YES;
				CLANG_WARN_UNREACHABLE_CODE = YES;
				CLANG_WARN__DUPLICATE_METHOD_MATCH = YES;
				"CODE_SIGN_IDENTITY[sdk=iphoneos*]" = "iPhone Developer";
				COPY_PHASE_STRIP = NO;
				DEBUG_INFORMATION_FORMAT = "dwarf-with-dsym";
				ENABLE_NS_ASSERTIONS = NO;
				ENABLE_STRICT_OBJC_MSGSEND = YES;
				GCC_C_LANGUAGE_STANDARD = gnu99;
				GCC_NO_COMMON_BLOCKS = YES;
				GCC_WARN_64_TO_32_BIT_CONVERSION = YES;
				GCC_WARN_ABOUT_RETURN_TYPE = YES_ERROR;
				GCC_WARN_UNDECLARED_SELECTOR = YES;
				GCC_WARN_UNINITIALIZED_AUTOS = YES_AGGRESSIVE;
				GCC_WARN_UNUSED_FUNCTION = YES;
				GCC_WARN_UNUSED_VARIABLE = YES;
				IPHONEOS_DEPLOYMENT_TARGET = 9.2;
				MTL_ENABLE_DEBUG_INFO = NO;
				SDKROOT = iphoneos;
				SWIFT_OPTIMIZATION_LEVEL = "-Owholemodule";
				SWIFT_VERSION = 3.0;
				VALIDATE_PRODUCT = YES;
			};
			name = Release;
		};
		D50BE4081C9FE8870000A34C /* Debug */ = {
			isa = XCBuildConfiguration;
			baseConfigurationReference = 560D7A8F00215E8F16A67009 /* Pods-BarcodeScannerExample.debug.xcconfig */;
			buildSettings = {
				ALWAYS_EMBED_SWIFT_STANDARD_LIBRARIES = "$(inherited)";
				ASSETCATALOG_COMPILER_APPICON_NAME = AppIcon;
				CODE_SIGN_IDENTITY = "iPhone Developer";
				"CODE_SIGN_IDENTITY[sdk=iphoneos*]" = "iPhone Developer";
				INFOPLIST_FILE = BarcodeScannerExample/Info.plist;
				LD_RUNPATH_SEARCH_PATHS = "$(inherited) @executable_path/Frameworks";
				PRODUCT_BUNDLE_IDENTIFIER = no.hyper.BarcodeScannerExample2;
				PRODUCT_NAME = "$(TARGET_NAME)";
				PROVISIONING_PROFILE = "";
				SWIFT_VERSION = 3.0;
			};
			name = Debug;
		};
		D50BE4091C9FE8870000A34C /* Release */ = {
			isa = XCBuildConfiguration;
			baseConfigurationReference = B2BB8B30EF0245DC64F4025A /* Pods-BarcodeScannerExample.release.xcconfig */;
			buildSettings = {
				ALWAYS_EMBED_SWIFT_STANDARD_LIBRARIES = "$(inherited)";
				ASSETCATALOG_COMPILER_APPICON_NAME = AppIcon;
				CODE_SIGN_IDENTITY = "iPhone Developer";
				"CODE_SIGN_IDENTITY[sdk=iphoneos*]" = "iPhone Developer";
				INFOPLIST_FILE = BarcodeScannerExample/Info.plist;
				LD_RUNPATH_SEARCH_PATHS = "$(inherited) @executable_path/Frameworks";
				PRODUCT_BUNDLE_IDENTIFIER = no.hyper.BarcodeScannerExample2;
				PRODUCT_NAME = "$(TARGET_NAME)";
				PROVISIONING_PROFILE = "";
				SWIFT_VERSION = 3.0;
			};
			name = Release;
		};
/* End XCBuildConfiguration section */

/* Begin XCConfigurationList section */
		D50BE3F01C9FE8870000A34C /* Build configuration list for PBXProject "BarcodeScannerExample" */ = {
			isa = XCConfigurationList;
			buildConfigurations = (
				D50BE4051C9FE8870000A34C /* Debug */,
				D50BE4061C9FE8870000A34C /* Release */,
			);
			defaultConfigurationIsVisible = 0;
			defaultConfigurationName = Release;
		};
		D50BE4071C9FE8870000A34C /* Build configuration list for PBXNativeTarget "BarcodeScannerExample" */ = {
			isa = XCConfigurationList;
			buildConfigurations = (
				D50BE4081C9FE8870000A34C /* Debug */,
				D50BE4091C9FE8870000A34C /* Release */,
			);
			defaultConfigurationIsVisible = 0;
			defaultConfigurationName = Release;
		};
/* End XCConfigurationList section */
	};
	rootObject = D50BE3ED1C9FE8870000A34C /* Project object */;
}
