Microsoft Visual Studio Solution File, Format Version 12.00
# Visual Studio 2013
VisualStudioVersion = 12.0.31101.0
MinimumVisualStudioVersion = 10.0.40219.1
Project("{FAE04EC0-301F-11D3-BF4B-00C04F79EFBC}") = "App2", "App2\App2.csproj", "{CF679D2C-19D5-4914-9F98-ED756923C88E}"
EndProject
Project("{FAE04EC0-301F-11D3-BF4B-00C04F79EFBC}") = "iOS", "iOS\iOS.csproj", "{32C9A457-10F7-486E-A7F9-A86AA2C21625}"
EndProject
Project("{FAE04EC0-301F-11D3-BF4B-00C04F79EFBC}") = "iOS.Droid", "Droid\iOS.Droid.csproj", "{2837B58B-BB96-40E6-BFEF-5599CBEE9E44}"
EndProject
Project("{FAE04EC0-301F-11D3-BF4B-00C04F79EFBC}") = "iOS.UITests", "UITests\iOS.UITests.csproj", "{263C5AF0-289D-46BD-B0F0-205D6258BA24}"
EndProject
Global
	GlobalSection(SolutionConfigurationPlatforms) = preSolution
		Ad-Hoc|Any CPU = Ad-Hoc|Any CPU
		Ad-Hoc|iPhone = Ad-Hoc|iPhone
		Ad-Hoc|iPhoneSimulator = Ad-Hoc|iPhoneSimulator
		AppStore|Any CPU = AppStore|Any CPU
		AppStore|iPhone = AppStore|iPhone
		AppStore|iPhoneSimulator = AppStore|iPhoneSimulator
		Debug|Any CPU = Debug|Any CPU
		Debug|iPhone = Debug|iPhone
		Debug|iPhoneSimulator = Debug|iPhoneSimulator
		Release|Any CPU = Release|Any CPU
		Release|iPhone = Release|iPhone
		Release|iPhoneSimulator = Release|iPhoneSimulator
	EndGlobalSection
	GlobalSection(ProjectConfigurationPlatforms) = postSolution
		{CF679D2C-19D5-4914-9F98-ED756923C88E}.Ad-Hoc|Any CPU.ActiveCfg = Ad-Hoc|iPhone
		{CF679D2C-19D5-4914-9F98-ED756923C88E}.Ad-Hoc|iPhone.ActiveCfg = Ad-Hoc|iPhone
		{CF679D2C-19D5-4914-9F98-ED756923C88E}.Ad-Hoc|iPhone.Build.0 = Ad-Hoc|iPhone
		{CF679D2C-19D5-4914-9F98-ED756923C88E}.Ad-Hoc|iPhoneSimulator.ActiveCfg = Ad-Hoc|iPhoneSimulator
		{CF679D2C-19D5-4914-9F98-ED756923C88E}.Ad-Hoc|iPhoneSimulator.Build.0 = Ad-Hoc|iPhoneSimulator
		{CF679D2C-19D5-4914-9F98-ED756923C88E}.AppStore|Any CPU.ActiveCfg = AppStore|iPhoneSimulator
		{CF679D2C-19D5-4914-9F98-ED756923C88E}.AppStore|iPhone.ActiveCfg = AppStore|iPhone
		{CF679D2C-19D5-4914-9F98-ED756923C88E}.AppStore|iPhone.Build.0 = AppStore|iPhone
		{CF679D2C-19D5-4914-9F98-ED756923C88E}.AppStore|iPhoneSimulator.ActiveCfg = AppStore|iPhoneSimulator
		{CF679D2C-19D5-4914-9F98-ED756923C88E}.AppStore|iPhoneSimulator.Build.0 = AppStore|iPhoneSimulator
		{CF679D2C-19D5-4914-9F98-ED756923C88E}.Debug|Any CPU.ActiveCfg = Debug|iPhoneSimulator
		{CF679D2C-19D5-4914-9F98-ED756923C88E}.Debug|iPhone.ActiveCfg = Debug|iPhone
		{CF679D2C-19D5-4914-9F98-ED756923C88E}.Debug|iPhone.Build.0 = Debug|iPhone
		{CF679D2C-19D5-4914-9F98-ED756923C88E}.Debug|iPhoneSimulator.ActiveCfg = Debug|iPhoneSimulator
		{CF679D2C-19D5-4914-9F98-ED756923C88E}.Debug|iPhoneSimulator.Build.0 = Debug|iPhoneSimulator
		{CF679D2C-19D5-4914-9F98-ED756923C88E}.Release|Any CPU.ActiveCfg = Release|iPhoneSimulator
		{CF679D2C-19D5-4914-9F98-ED756923C88E}.Release|iPhone.ActiveCfg = Release|iPhone
		{CF679D2C-19D5-4914-9F98-ED756923C88E}.Release|iPhone.Build.0 = Release|iPhone
		{CF679D2C-19D5-4914-9F98-ED756923C88E}.Release|iPhoneSimulator.ActiveCfg = Release|iPhoneSimulator
		{CF679D2C-19D5-4914-9F98-ED756923C88E}.Release|iPhoneSimulator.Build.0 = Release|iPhoneSimulator
		{32C9A457-10F7-486E-A7F9-A86AA2C21625}.Ad-Hoc|Any CPU.ActiveCfg = Release|Any CPU
		{32C9A457-10F7-486E-A7F9-A86AA2C21625}.Ad-Hoc|Any CPU.Build.0 = Release|Any CPU
		{32C9A457-10F7-486E-A7F9-A86AA2C21625}.Ad-Hoc|iPhone.ActiveCfg = Release|Any CPU
		{32C9A457-10F7-486E-A7F9-A86AA2C21625}.Ad-Hoc|iPhoneSimulator.ActiveCfg = Release|Any CPU
		{32C9A457-10F7-486E-A7F9-A86AA2C21625}.AppStore|Any CPU.ActiveCfg = Release|Any CPU
		{32C9A457-10F7-486E-A7F9-A86AA2C21625}.AppStore|Any CPU.Build.0 = Release|Any CPU
		{32C9A457-10F7-486E-A7F9-A86AA2C21625}.AppStore|iPhone.ActiveCfg = Release|Any CPU
		{32C9A457-10F7-486E-A7F9-A86AA2C21625}.AppStore|iPhoneSimulator.ActiveCfg = Release|Any CPU
		{32C9A457-10F7-486E-A7F9-A86AA2C21625}.Debug|Any CPU.ActiveCfg = Debug|Any CPU
		{32C9A457-10F7-486E-A7F9-A86AA2C21625}.Debug|Any CPU.Build.0 = Debug|Any CPU
		{32C9A457-10F7-486E-A7F9-A86AA2C21625}.Debug|iPhone.ActiveCfg = Debug|Any CPU
		{32C9A457-10F7-486E-A7F9-A86AA2C21625}.Debug|iPhoneSimulator.ActiveCfg = Debug|Any CPU
		{32C9A457-10F7-486E-A7F9-A86AA2C21625}.Release|Any CPU.ActiveCfg = Release|Any CPU
		{32C9A457-10F7-486E-A7F9-A86AA2C21625}.Release|Any CPU.Build.0 = Release|Any CPU
		{32C9A457-10F7-486E-A7F9-A86AA2C21625}.Release|iPhone.ActiveCfg = Release|Any CPU
		{32C9A457-10F7-486E-A7F9-A86AA2C21625}.Release|iPhoneSimulator.ActiveCfg = Release|Any CPU
		{2837B58B-BB96-40E6-BFEF-5599CBEE9E44}.Ad-Hoc|Any CPU.ActiveCfg = Release|Any CPU
		{2837B58B-BB96-40E6-BFEF-5599CBEE9E44}.Ad-Hoc|Any CPU.Build.0 = Release|Any CPU
		{2837B58B-BB96-40E6-BFEF-5599CBEE9E44}.Ad-Hoc|Any CPU.Deploy.0 = Release|Any CPU
		{2837B58B-BB96-40E6-BFEF-5599CBEE9E44}.Ad-Hoc|iPhone.ActiveCfg = Release|Any CPU
		{2837B58B-BB96-40E6-BFEF-5599CBEE9E44}.Ad-Hoc|iPhoneSimulator.ActiveCfg = Debug|Any CPU
		{2837B58B-BB96-40E6-BFEF-5599CBEE9E44}.Ad-Hoc|iPhoneSimulator.Build.0 = Debug|Any CPU
		{2837B58B-BB96-40E6-BFEF-5599CBEE9E44}.AppStore|Any CPU.ActiveCfg = Release|Any CPU
		{2837B58B-BB96-40E6-BFEF-5599CBEE9E44}.AppStore|Any CPU.Build.0 = Release|Any CPU
		{2837B58B-BB96-40E6-BFEF-5599CBEE9E44}.AppStore|Any CPU.Deploy.0 = Release|Any CPU
		{2837B58B-BB96-40E6-BFEF-5599CBEE9E44}.AppStore|iPhone.ActiveCfg = Release|Any CPU
		{2837B58B-BB96-40E6-BFEF-5599CBEE9E44}.AppStore|iPhoneSimulator.ActiveCfg = Release|Any CPU
		{2837B58B-BB96-40E6-BFEF-5599CBEE9E44}.Debug|Any CPU.ActiveCfg = Debug|Any CPU
		{2837B58B-BB96-40E6-BFEF-5599CBEE9E44}.Debug|Any CPU.Build.0 = Debug|Any CPU
		{2837B58B-BB96-40E6-BFEF-5599CBEE9E44}.Debug|iPhone.ActiveCfg = Debug|Any CPU
		{2837B58B-BB96-40E6-BFEF-5599CBEE9E44}.Debug|iPhoneSimulator.ActiveCfg = Debug|Any CPU
		{2837B58B-BB96-40E6-BFEF-5599CBEE9E44}.Release|Any CPU.ActiveCfg = Release|Any CPU
		{2837B58B-BB96-40E6-BFEF-5599CBEE9E44}.Release|Any CPU.Build.0 = Release|Any CPU
		{2837B58B-BB96-40E6-BFEF-5599CBEE9E44}.Release|iPhone.ActiveCfg = Release|Any CPU
		{2837B58B-BB96-40E6-BFEF-5599CBEE9E44}.Release|iPhoneSimulator.ActiveCfg = Release|Any CPU
		{263C5AF0-289D-46BD-B0F0-205D6258BA24}.Ad-Hoc|Any CPU.ActiveCfg = Release|Any CPU
		{263C5AF0-289D-46BD-B0F0-205D6258BA24}.Ad-Hoc|Any CPU.Build.0 = Release|Any CPU
		{263C5AF0-289D-46BD-B0F0-205D6258BA24}.Ad-Hoc|iPhone.ActiveCfg = Release|Any CPU
		{263C5AF0-289D-46BD-B0F0-205D6258BA24}.Ad-Hoc|iPhoneSimulator.ActiveCfg = Release|Any CPU
		{263C5AF0-289D-46BD-B0F0-205D6258BA24}.AppStore|Any CPU.ActiveCfg = Release|Any CPU
		{263C5AF0-289D-46BD-B0F0-205D6258BA24}.AppStore|Any CPU.Build.0 = Release|Any CPU
		{263C5AF0-289D-46BD-B0F0-205D6258BA24}.AppStore|iPhone.ActiveCfg = Release|Any CPU
		{263C5AF0-289D-46BD-B0F0-205D6258BA24}.AppStore|iPhoneSimulator.ActiveCfg = Release|Any CPU
		{263C5AF0-289D-46BD-B0F0-205D6258BA24}.Debug|Any CPU.ActiveCfg = Debug|Any CPU
		{263C5AF0-289D-46BD-B0F0-205D6258BA24}.Debug|Any CPU.Build.0 = Debug|Any CPU
		{263C5AF0-289D-46BD-B0F0-205D6258BA24}.Debug|iPhone.ActiveCfg = Debug|Any CPU
		{263C5AF0-289D-46BD-B0F0-205D6258BA24}.Debug|iPhoneSimulator.ActiveCfg = Debug|Any CPU
		{263C5AF0-289D-46BD-B0F0-205D6258BA24}.Release|Any CPU.ActiveCfg = Release|Any CPU
		{263C5AF0-289D-46BD-B0F0-205D6258BA24}.Release|Any CPU.Build.0 = Release|Any CPU
		{263C5AF0-289D-46BD-B0F0-205D6258BA24}.Release|iPhone.ActiveCfg = Release|Any CPU
		{263C5AF0-289D-46BD-B0F0-205D6258BA24}.Release|iPhoneSimulator.ActiveCfg = Release|Any CPU
	EndGlobalSection
	GlobalSection(SolutionProperties) = preSolution
		HideSolutionNode = FALSE
	EndGlobalSection
EndGlobal
