Microsoft Visual Studio Solution File, Format Version 12.00
# Visual Studio 2013
VisualStudioVersion = 12.0.31101.0
MinimumVisualStudioVersion = 10.0.40219.1
Project("{FAE04EC0-301F-11D3-BF4B-00C04F79EFBC}") = "Shared", "Shared\Shared.csproj", "{32C9A457-10F7-486E-A7F9-A86AA2C21625}"
EndProject
Project("{FAE04EC0-301F-11D3-BF4B-00C04F79EFBC}") = "Multi.iOSUniversal", "iOS\Multi.iOSUniversal.csproj", "{4DDD1B54-FDAA-45D8-B2B9-8806D36342FA}"
EndProject
Project("{FAE04EC0-301F-11D3-BF4B-00C04F79EFBC}") = "Multi.UITests", "UITests\Multi.UITests.csproj", "{263C5AF0-289D-46BD-B0F0-205D6258BA24}"
EndProject
Project("{FAE04EC0-301F-11D3-BF4B-00C04F79EFBC}") = "Multi.Droid", "Droid\Multi.Droid.csproj", "{2BF3A684-E950-4926-9CBA-0C7E0F57B7DB}"
EndProject
Global
	GlobalSection(SolutionConfigurationPlatforms) = preSolution
		Ad-Hoc|Any CPU = Ad-Hoc|Any CPU
		Ad-Hoc|iPhone = Ad-Hoc|iPhone
		Ad-Hoc|iPhoneSimulator = Ad-Hoc|iPhoneSimulator
		Ad-Hoc|Mixed Platforms = Ad-Hoc|Mixed Platforms
		AppStore|Any CPU = AppStore|Any CPU
		AppStore|iPhone = AppStore|iPhone
		AppStore|iPhoneSimulator = AppStore|iPhoneSimulator
		AppStore|Mixed Platforms = AppStore|Mixed Platforms
		Debug|Any CPU = Debug|Any CPU
		Debug|iPhone = Debug|iPhone
		Debug|iPhoneSimulator = Debug|iPhoneSimulator
		Debug|Mixed Platforms = Debug|Mixed Platforms
		iOS|Any CPU = iOS|Any CPU
		iOS|iPhone = iOS|iPhone
		iOS|iPhoneSimulator = iOS|iPhoneSimulator
		iOS|Mixed Platforms = iOS|Mixed Platforms
		Release|Any CPU = Release|Any CPU
		Release|iPhone = Release|iPhone
		Release|iPhoneSimulator = Release|iPhoneSimulator
		Release|Mixed Platforms = Release|Mixed Platforms
	EndGlobalSection
	GlobalSection(ProjectConfigurationPlatforms) = postSolution
		{32C9A457-10F7-486E-A7F9-A86AA2C21625}.Ad-Hoc|Any CPU.ActiveCfg = iOS|Any CPU
		{32C9A457-10F7-486E-A7F9-A86AA2C21625}.Ad-Hoc|Any CPU.Build.0 = iOS|Any CPU
		{32C9A457-10F7-486E-A7F9-A86AA2C21625}.Ad-Hoc|iPhone.ActiveCfg = iOS|Any CPU
		{32C9A457-10F7-486E-A7F9-A86AA2C21625}.Ad-Hoc|iPhoneSimulator.ActiveCfg = iOS|Any CPU
		{32C9A457-10F7-486E-A7F9-A86AA2C21625}.Ad-Hoc|Mixed Platforms.ActiveCfg = iOS|Any CPU
		{32C9A457-10F7-486E-A7F9-A86AA2C21625}.Ad-Hoc|Mixed Platforms.Build.0 = iOS|Any CPU
		{32C9A457-10F7-486E-A7F9-A86AA2C21625}.AppStore|Any CPU.ActiveCfg = iOS|Any CPU
		{32C9A457-10F7-486E-A7F9-A86AA2C21625}.AppStore|Any CPU.Build.0 = iOS|Any CPU
		{32C9A457-10F7-486E-A7F9-A86AA2C21625}.AppStore|iPhone.ActiveCfg = iOS|Any CPU
		{32C9A457-10F7-486E-A7F9-A86AA2C21625}.AppStore|iPhoneSimulator.ActiveCfg = iOS|Any CPU
		{32C9A457-10F7-486E-A7F9-A86AA2C21625}.AppStore|Mixed Platforms.ActiveCfg = iOS|Any CPU
		{32C9A457-10F7-486E-A7F9-A86AA2C21625}.AppStore|Mixed Platforms.Build.0 = iOS|Any CPU
		{32C9A457-10F7-486E-A7F9-A86AA2C21625}.Debug|Any CPU.ActiveCfg = Debug|Any CPU
		{32C9A457-10F7-486E-A7F9-A86AA2C21625}.Debug|Any CPU.Build.0 = Debug|Any CPU
		{32C9A457-10F7-486E-A7F9-A86AA2C21625}.Debug|iPhone.ActiveCfg = Debug|Any CPU
		{32C9A457-10F7-486E-A7F9-A86AA2C21625}.Debug|iPhoneSimulator.ActiveCfg = Debug|Any CPU
		{32C9A457-10F7-486E-A7F9-A86AA2C21625}.Debug|Mixed Platforms.ActiveCfg = Debug|Any CPU
		{32C9A457-10F7-486E-A7F9-A86AA2C21625}.Debug|Mixed Platforms.Build.0 = Debug|Any CPU
		{32C9A457-10F7-486E-A7F9-A86AA2C21625}.iOS|Any CPU.ActiveCfg = iOS|Any CPU
		{32C9A457-10F7-486E-A7F9-A86AA2C21625}.iOS|Any CPU.Build.0 = iOS|Any CPU
		{32C9A457-10F7-486E-A7F9-A86AA2C21625}.iOS|iPhone.ActiveCfg = iOS|Any CPU
		{32C9A457-10F7-486E-A7F9-A86AA2C21625}.iOS|iPhoneSimulator.ActiveCfg = iOS|Any CPU
		{32C9A457-10F7-486E-A7F9-A86AA2C21625}.iOS|Mixed Platforms.ActiveCfg = iOS|Any CPU
		{32C9A457-10F7-486E-A7F9-A86AA2C21625}.iOS|Mixed Platforms.Build.0 = iOS|Any CPU
		{32C9A457-10F7-486E-A7F9-A86AA2C21625}.Release|Any CPU.ActiveCfg = Release|Any CPU
		{32C9A457-10F7-486E-A7F9-A86AA2C21625}.Release|Any CPU.Build.0 = Release|Any CPU
		{32C9A457-10F7-486E-A7F9-A86AA2C21625}.Release|iPhone.ActiveCfg = Release|Any CPU
		{32C9A457-10F7-486E-A7F9-A86AA2C21625}.Release|iPhoneSimulator.ActiveCfg = Release|Any CPU
		{32C9A457-10F7-486E-A7F9-A86AA2C21625}.Release|Mixed Platforms.ActiveCfg = Release|Any CPU
		{32C9A457-10F7-486E-A7F9-A86AA2C21625}.Release|Mixed Platforms.Build.0 = Release|Any CPU
		{4DDD1B54-FDAA-45D8-B2B9-8806D36342FA}.Ad-Hoc|Any CPU.ActiveCfg = Ad-Hoc|iPhone
		{4DDD1B54-FDAA-45D8-B2B9-8806D36342FA}.Ad-Hoc|iPhone.ActiveCfg = Ad-Hoc|iPhone
		{4DDD1B54-FDAA-45D8-B2B9-8806D36342FA}.Ad-Hoc|iPhone.Build.0 = Ad-Hoc|iPhone
		{4DDD1B54-FDAA-45D8-B2B9-8806D36342FA}.Ad-Hoc|iPhoneSimulator.ActiveCfg = Ad-Hoc|iPhoneSimulator
		{4DDD1B54-FDAA-45D8-B2B9-8806D36342FA}.Ad-Hoc|iPhoneSimulator.Build.0 = Ad-Hoc|iPhoneSimulator
		{4DDD1B54-FDAA-45D8-B2B9-8806D36342FA}.Ad-Hoc|Mixed Platforms.ActiveCfg = Ad-Hoc|iPhone
		{4DDD1B54-FDAA-45D8-B2B9-8806D36342FA}.Ad-Hoc|Mixed Platforms.Build.0 = Ad-Hoc|iPhone
		{4DDD1B54-FDAA-45D8-B2B9-8806D36342FA}.AppStore|Any CPU.ActiveCfg = AppStore|iPhone
		{4DDD1B54-FDAA-45D8-B2B9-8806D36342FA}.AppStore|iPhone.ActiveCfg = AppStore|iPhone
		{4DDD1B54-FDAA-45D8-B2B9-8806D36342FA}.AppStore|iPhone.Build.0 = AppStore|iPhone
		{4DDD1B54-FDAA-45D8-B2B9-8806D36342FA}.AppStore|iPhoneSimulator.ActiveCfg = AppStore|iPhoneSimulator
		{4DDD1B54-FDAA-45D8-B2B9-8806D36342FA}.AppStore|iPhoneSimulator.Build.0 = AppStore|iPhoneSimulator
		{4DDD1B54-FDAA-45D8-B2B9-8806D36342FA}.AppStore|Mixed Platforms.ActiveCfg = AppStore|iPhone
		{4DDD1B54-FDAA-45D8-B2B9-8806D36342FA}.AppStore|Mixed Platforms.Build.0 = AppStore|iPhone
		{4DDD1B54-FDAA-45D8-B2B9-8806D36342FA}.Debug|Any CPU.ActiveCfg = Debug|iPhone
		{4DDD1B54-FDAA-45D8-B2B9-8806D36342FA}.Debug|iPhone.ActiveCfg = Debug|iPhone
		{4DDD1B54-FDAA-45D8-B2B9-8806D36342FA}.Debug|iPhone.Build.0 = Debug|iPhone
		{4DDD1B54-FDAA-45D8-B2B9-8806D36342FA}.Debug|iPhoneSimulator.ActiveCfg = Debug|iPhoneSimulator
		{4DDD1B54-FDAA-45D8-B2B9-8806D36342FA}.Debug|iPhoneSimulator.Build.0 = Debug|iPhoneSimulator
		{4DDD1B54-FDAA-45D8-B2B9-8806D36342FA}.Debug|Mixed Platforms.ActiveCfg = Debug|iPhone
		{4DDD1B54-FDAA-45D8-B2B9-8806D36342FA}.Debug|Mixed Platforms.Build.0 = Debug|iPhone
		{4DDD1B54-FDAA-45D8-B2B9-8806D36342FA}.iOS|Any CPU.ActiveCfg = AppStore|iPhone
		{4DDD1B54-FDAA-45D8-B2B9-8806D36342FA}.iOS|iPhone.ActiveCfg = AppStore|iPhone
		{4DDD1B54-FDAA-45D8-B2B9-8806D36342FA}.iOS|iPhone.Build.0 = AppStore|iPhone
		{4DDD1B54-FDAA-45D8-B2B9-8806D36342FA}.iOS|iPhoneSimulator.ActiveCfg = AppStore|iPhoneSimulator
		{4DDD1B54-FDAA-45D8-B2B9-8806D36342FA}.iOS|iPhoneSimulator.Build.0 = AppStore|iPhoneSimulator
		{4DDD1B54-FDAA-45D8-B2B9-8806D36342FA}.iOS|Mixed Platforms.ActiveCfg = AppStore|iPhone
		{4DDD1B54-FDAA-45D8-B2B9-8806D36342FA}.iOS|Mixed Platforms.Build.0 = AppStore|iPhone
		{4DDD1B54-FDAA-45D8-B2B9-8806D36342FA}.Release|Any CPU.ActiveCfg = Release|iPhone
		{4DDD1B54-FDAA-45D8-B2B9-8806D36342FA}.Release|iPhone.ActiveCfg = Release|iPhone
		{4DDD1B54-FDAA-45D8-B2B9-8806D36342FA}.Release|iPhone.Build.0 = Release|iPhone
		{4DDD1B54-FDAA-45D8-B2B9-8806D36342FA}.Release|iPhoneSimulator.ActiveCfg = Release|iPhoneSimulator
		{4DDD1B54-FDAA-45D8-B2B9-8806D36342FA}.Release|iPhoneSimulator.Build.0 = Release|iPhoneSimulator
		{4DDD1B54-FDAA-45D8-B2B9-8806D36342FA}.Release|Mixed Platforms.ActiveCfg = Release|iPhone
		{4DDD1B54-FDAA-45D8-B2B9-8806D36342FA}.Release|Mixed Platforms.Build.0 = Release|iPhone
		{263C5AF0-289D-46BD-B0F0-205D6258BA24}.Ad-Hoc|Any CPU.ActiveCfg = iOS|Any CPU
		{263C5AF0-289D-46BD-B0F0-205D6258BA24}.Ad-Hoc|Any CPU.Build.0 = iOS|Any CPU
		{263C5AF0-289D-46BD-B0F0-205D6258BA24}.Ad-Hoc|iPhone.ActiveCfg = iOS|Any CPU
		{263C5AF0-289D-46BD-B0F0-205D6258BA24}.Ad-Hoc|iPhoneSimulator.ActiveCfg = iOS|Any CPU
		{263C5AF0-289D-46BD-B0F0-205D6258BA24}.Ad-Hoc|Mixed Platforms.ActiveCfg = iOS|Any CPU
		{263C5AF0-289D-46BD-B0F0-205D6258BA24}.Ad-Hoc|Mixed Platforms.Build.0 = iOS|Any CPU
		{263C5AF0-289D-46BD-B0F0-205D6258BA24}.AppStore|Any CPU.ActiveCfg = iOS|Any CPU
		{263C5AF0-289D-46BD-B0F0-205D6258BA24}.AppStore|Any CPU.Build.0 = iOS|Any CPU
		{263C5AF0-289D-46BD-B0F0-205D6258BA24}.AppStore|iPhone.ActiveCfg = iOS|Any CPU
		{263C5AF0-289D-46BD-B0F0-205D6258BA24}.AppStore|iPhoneSimulator.ActiveCfg = iOS|Any CPU
		{263C5AF0-289D-46BD-B0F0-205D6258BA24}.AppStore|Mixed Platforms.ActiveCfg = iOS|Any CPU
		{263C5AF0-289D-46BD-B0F0-205D6258BA24}.AppStore|Mixed Platforms.Build.0 = iOS|Any CPU
		{263C5AF0-289D-46BD-B0F0-205D6258BA24}.Debug|Any CPU.ActiveCfg = Debug|Any CPU
		{263C5AF0-289D-46BD-B0F0-205D6258BA24}.Debug|Any CPU.Build.0 = Debug|Any CPU
		{263C5AF0-289D-46BD-B0F0-205D6258BA24}.Debug|iPhone.ActiveCfg = Debug|Any CPU
		{263C5AF0-289D-46BD-B0F0-205D6258BA24}.Debug|iPhoneSimulator.ActiveCfg = Debug|Any CPU
		{263C5AF0-289D-46BD-B0F0-205D6258BA24}.Debug|Mixed Platforms.ActiveCfg = Debug|Any CPU
		{263C5AF0-289D-46BD-B0F0-205D6258BA24}.Debug|Mixed Platforms.Build.0 = Debug|Any CPU
		{263C5AF0-289D-46BD-B0F0-205D6258BA24}.iOS|Any CPU.ActiveCfg = iOS|Any CPU
		{263C5AF0-289D-46BD-B0F0-205D6258BA24}.iOS|Any CPU.Build.0 = iOS|Any CPU
		{263C5AF0-289D-46BD-B0F0-205D6258BA24}.iOS|iPhone.ActiveCfg = iOS|Any CPU
		{263C5AF0-289D-46BD-B0F0-205D6258BA24}.iOS|iPhoneSimulator.ActiveCfg = iOS|Any CPU
		{263C5AF0-289D-46BD-B0F0-205D6258BA24}.iOS|Mixed Platforms.ActiveCfg = iOS|Any CPU
		{263C5AF0-289D-46BD-B0F0-205D6258BA24}.iOS|Mixed Platforms.Build.0 = iOS|Any CPU
		{263C5AF0-289D-46BD-B0F0-205D6258BA24}.Release|Any CPU.ActiveCfg = Release|Any CPU
		{263C5AF0-289D-46BD-B0F0-205D6258BA24}.Release|Any CPU.Build.0 = Release|Any CPU
		{263C5AF0-289D-46BD-B0F0-205D6258BA24}.Release|iPhone.ActiveCfg = Release|Any CPU
		{263C5AF0-289D-46BD-B0F0-205D6258BA24}.Release|iPhoneSimulator.ActiveCfg = Release|Any CPU
		{263C5AF0-289D-46BD-B0F0-205D6258BA24}.Release|Mixed Platforms.ActiveCfg = Release|Any CPU
		{263C5AF0-289D-46BD-B0F0-205D6258BA24}.Release|Mixed Platforms.Build.0 = Release|Any CPU
		{2BF3A684-E950-4926-9CBA-0C7E0F57B7DB}.Ad-Hoc|Any CPU.ActiveCfg = Release|Any CPU
		{2BF3A684-E950-4926-9CBA-0C7E0F57B7DB}.Ad-Hoc|Any CPU.Build.0 = Release|Any CPU
		{2BF3A684-E950-4926-9CBA-0C7E0F57B7DB}.Ad-Hoc|Any CPU.Deploy.0 = Release|Any CPU
		{2BF3A684-E950-4926-9CBA-0C7E0F57B7DB}.Ad-Hoc|iPhone.ActiveCfg = Release|Any CPU
		{2BF3A684-E950-4926-9CBA-0C7E0F57B7DB}.Ad-Hoc|iPhoneSimulator.ActiveCfg = Release|Any CPU
		{2BF3A684-E950-4926-9CBA-0C7E0F57B7DB}.Ad-Hoc|Mixed Platforms.ActiveCfg = Release|Any CPU
		{2BF3A684-E950-4926-9CBA-0C7E0F57B7DB}.Ad-Hoc|Mixed Platforms.Build.0 = Release|Any CPU
		{2BF3A684-E950-4926-9CBA-0C7E0F57B7DB}.Ad-Hoc|Mixed Platforms.Deploy.0 = Release|Any CPU
		{2BF3A684-E950-4926-9CBA-0C7E0F57B7DB}.AppStore|Any CPU.ActiveCfg = Release|Any CPU
		{2BF3A684-E950-4926-9CBA-0C7E0F57B7DB}.AppStore|Any CPU.Build.0 = Release|Any CPU
		{2BF3A684-E950-4926-9CBA-0C7E0F57B7DB}.AppStore|Any CPU.Deploy.0 = Release|Any CPU
		{2BF3A684-E950-4926-9CBA-0C7E0F57B7DB}.AppStore|iPhone.ActiveCfg = Release|Any CPU
		{2BF3A684-E950-4926-9CBA-0C7E0F57B7DB}.AppStore|iPhoneSimulator.ActiveCfg = Release|Any CPU
		{2BF3A684-E950-4926-9CBA-0C7E0F57B7DB}.AppStore|Mixed Platforms.ActiveCfg = Release|Any CPU
		{2BF3A684-E950-4926-9CBA-0C7E0F57B7DB}.AppStore|Mixed Platforms.Build.0 = Release|Any CPU
		{2BF3A684-E950-4926-9CBA-0C7E0F57B7DB}.AppStore|Mixed Platforms.Deploy.0 = Release|Any CPU
		{2BF3A684-E950-4926-9CBA-0C7E0F57B7DB}.Debug|Any CPU.ActiveCfg = Debug|Any CPU
		{2BF3A684-E950-4926-9CBA-0C7E0F57B7DB}.Debug|Any CPU.Build.0 = Debug|Any CPU
		{2BF3A684-E950-4926-9CBA-0C7E0F57B7DB}.Debug|Any CPU.Deploy.0 = Debug|Any CPU
		{2BF3A684-E950-4926-9CBA-0C7E0F57B7DB}.Debug|iPhone.ActiveCfg = Debug|Any CPU
		{2BF3A684-E950-4926-9CBA-0C7E0F57B7DB}.Debug|iPhoneSimulator.ActiveCfg = Debug|Any CPU
		{2BF3A684-E950-4926-9CBA-0C7E0F57B7DB}.Debug|Mixed Platforms.ActiveCfg = Debug|Any CPU
		{2BF3A684-E950-4926-9CBA-0C7E0F57B7DB}.Debug|Mixed Platforms.Build.0 = Debug|Any CPU
		{2BF3A684-E950-4926-9CBA-0C7E0F57B7DB}.Debug|Mixed Platforms.Deploy.0 = Debug|Any CPU
		{2BF3A684-E950-4926-9CBA-0C7E0F57B7DB}.iOS|Any CPU.ActiveCfg = Release|Any CPU
		{2BF3A684-E950-4926-9CBA-0C7E0F57B7DB}.iOS|Any CPU.Build.0 = Release|Any CPU
		{2BF3A684-E950-4926-9CBA-0C7E0F57B7DB}.iOS|Any CPU.Deploy.0 = Release|Any CPU
		{2BF3A684-E950-4926-9CBA-0C7E0F57B7DB}.iOS|iPhone.ActiveCfg = Release|Any CPU
		{2BF3A684-E950-4926-9CBA-0C7E0F57B7DB}.iOS|iPhoneSimulator.ActiveCfg = Release|Any CPU
		{2BF3A684-E950-4926-9CBA-0C7E0F57B7DB}.iOS|Mixed Platforms.ActiveCfg = Release|Any CPU
		{2BF3A684-E950-4926-9CBA-0C7E0F57B7DB}.iOS|Mixed Platforms.Build.0 = Release|Any CPU
		{2BF3A684-E950-4926-9CBA-0C7E0F57B7DB}.iOS|Mixed Platforms.Deploy.0 = Release|Any CPU
		{2BF3A684-E950-4926-9CBA-0C7E0F57B7DB}.Release|Any CPU.ActiveCfg = Release|Any CPU
		{2BF3A684-E950-4926-9CBA-0C7E0F57B7DB}.Release|Any CPU.Build.0 = Release|Any CPU
		{2BF3A684-E950-4926-9CBA-0C7E0F57B7DB}.Release|Any CPU.Deploy.0 = Release|Any CPU
		{2BF3A684-E950-4926-9CBA-0C7E0F57B7DB}.Release|iPhone.ActiveCfg = Release|Any CPU
		{2BF3A684-E950-4926-9CBA-0C7E0F57B7DB}.Release|iPhoneSimulator.ActiveCfg = Release|Any CPU
		{2BF3A684-E950-4926-9CBA-0C7E0F57B7DB}.Release|Mixed Platforms.ActiveCfg = Release|Any CPU
		{2BF3A684-E950-4926-9CBA-0C7E0F57B7DB}.Release|Mixed Platforms.Build.0 = Release|Any CPU
		{2BF3A684-E950-4926-9CBA-0C7E0F57B7DB}.Release|Mixed Platforms.Deploy.0 = Release|Any CPU
	EndGlobalSection
	GlobalSection(SolutionProperties) = preSolution
		HideSolutionNode = FALSE
	EndGlobalSection
EndGlobal
